# This file is autogenerated, do not edit; changes may be undone by the next 'dep ensure'.


[[projects]]
  branch = "master"
  digest = "1:9b4eb3fc94297eec8cae63d3a383f7143730ab50e90b28097a748401c794491c"
  name = "github.com/datainq/xml-date-time"
  packages = ["."]
  pruneopts = "UT"
  revision = "2292f08baa38ef1963bed0c541bf70b44020cbb1"

[solve-meta]
  analyzer-name = "dep"
  analyzer-version = 1
  input-imports = ["github.com/datainq/xml-date-time"]
  solver-name = "gps-cdcl"
  solver-version = 1
